
Microsoft Visual Studio Solution File, Format Version 12.00
# Visual Studio Version 17
VisualStudioVersion = 17.7.34031.279
MinimumVisualStudioVersion = 10.0.40219.1
Project("{9A19103F-16F7-4668-BE54-9A1E7A4F7556}") = "Easyway", "Easyway.csproj", "{BB3FA840-868F-40B8-B105-CEA2C63937E5}"
EndProject
Global
	GlobalSection(SolutionConfigurationPlatforms) = preSolution
		Debug|Any CPU = Debug|Any CPU
		Release|Any CPU = Release|Any CPU
	EndGlobalSection
	GlobalSection(ProjectConfigurationPlatforms) = postSolution
		{BB3FA840-868F-40B8-B105-CEA2C63937E5}.Debug|Any CPU.ActiveCfg = Debug|Any CPU
		{BB3FA840-868F-40B8-B105-CEA2C63937E5}.Debug|Any CPU.Build.0 = Debug|Any CPU
		{BB3FA840-868F-40B8-B105-CEA2C63937E5}.Release|Any CPU.ActiveCfg = Release|Any CPU
		{BB3FA840-868F-40B8-B105-CEA2C63937E5}.Release|Any CPU.Build.0 = Release|Any CPU
	EndGlobalSection
	GlobalSection(SolutionProperties) = preSolution
		HideSolutionNode = FALSE
	EndGlobalSection
	GlobalSection(ExtensibilityGlobals) = postSolution
		SolutionGuid = {6689634E-1B15-49B1-8A3F-625D54AEDEEC}
	EndGlobalSection
EndGlobal
